
Microsoft Visual Studio Solution File, Format Version 12.00
# Visual Studio 15
Project("{FAE04EC0-301F-11D3-BF4B-00C04F79EFBC}") = "UnityEngine.UI", "UnityEngine.UI.csproj", "{C9DA4340-171B-D148-218E-2019DD8D7F2D}"
EndProject
Project("{FAE04EC0-301F-11D3-BF4B-00C04F79EFBC}") = "UnityEngine.TestRunner", "UnityEngine.TestRunner.csproj", "{F7A640E7-DD6A-0ACC-448F-5BAEA876FC7B}"
EndProject
Project("{FAE04EC0-301F-11D3-BF4B-00C04F79EFBC}") = "Unity.VisualScripting.Flow", "Unity.VisualScripting.Flow.csproj", "{4FFA4636-E3F7-DEB6-5D6A-3E89FBEECA74}"
EndProject
Project("{FAE04EC0-301F-11D3-BF4B-00C04F79EFBC}") = "Unity.Services.Core.Telemetry", "Unity.Services.Core.Telemetry.csproj", "{C99F0389-0ACC-98A8-99A4-2DE35E055CED}"
EndProject
Project("{FAE04EC0-301F-11D3-BF4B-00C04F79EFBC}") = "Unity.VisualScripting.State", "Unity.VisualScripting.State.csproj", "{FF365FD1-D7E1-FA98-0D82-C354090E1089}"
EndProject
Project("{FAE04EC0-301F-11D3-BF4B-00C04F79EFBC}") = "Unity.VisualScripting.Core", "Unity.VisualScripting.Core.csproj", "{EF3BCC0E-009D-BDE1-C50B-C0ED61E34C45}"
EndProject
Project("{FAE04EC0-301F-11D3-BF4B-00C04F79EFBC}") = "Unity.Services.Core.Environments.Internal", "Unity.Services.Core.Environments.Internal.csproj", "{4670ECBD-358C-F39F-A148-0F81A0DEE020}"
EndProject
Project("{FAE04EC0-301F-11D3-BF4B-00C04F79EFBC}") = "Unity.TextMeshPro", "Unity.TextMeshPro.csproj", "{9640C11F-516B-1DDD-80E5-CA025EACA45D}"
EndProject
Project("{FAE04EC0-301F-11D3-BF4B-00C04F79EFBC}") = "Unity.Timeline", "Unity.Timeline.csproj", "{0775C338-778C-8D85-1466-9F52896E5383}"
EndProject
Project("{FAE04EC0-301F-11D3-BF4B-00C04F79EFBC}") = "Assembly-CSharp-firstpass", "Assembly-CSharp-firstpass.csproj", "{8B4F311D-3CE2-CEFB-B9F4-F8C56A9DBFB9}"
EndProject
Project("{FAE04EC0-301F-11D3-BF4B-00C04F79EFBC}") = "Unity.Services.Core.Environments", "Unity.Services.Core.Environments.csproj", "{C4AB2369-E94D-1B6C-84A1-25ADE9C9D2FD}"
EndProject
Project("{FAE04EC0-301F-11D3-BF4B-00C04F79EFBC}") = "Unity.Services.Core.Internal", "Unity.Services.Core.Internal.csproj", "{F89CE5C5-B385-9EAB-D651-38FD6D0EBB6E}"
EndProject
Project("{FAE04EC0-301F-11D3-BF4B-00C04F79EFBC}") = "Unity.Services.Core.Analytics", "Unity.Services.Core.Analytics.csproj", "{5BEE8EFB-02FF-98DD-53D0-782E49364B46}"
EndProject
Project("{FAE04EC0-301F-11D3-BF4B-00C04F79EFBC}") = "Assembly-CSharp", "Assembly-CSharp.csproj", "{E1456745-ED92-4EB6-8905-E64DC1E47277}"
EndProject
Project("{FAE04EC0-301F-11D3-BF4B-00C04F79EFBC}") = "Unity.Services.Core.Scheduler", "Unity.Services.Core.Scheduler.csproj", "{662500A1-C6C7-8172-AAC8-6FA7224B6610}"
EndProject
Project("{FAE04EC0-301F-11D3-BF4B-00C04F79EFBC}") = "Unity.Services.Core.Registration", "Unity.Services.Core.Registration.csproj", "{6CC19622-231A-D70B-1AE7-CA76DD023B8B}"
EndProject
Project("{FAE04EC0-301F-11D3-BF4B-00C04F79EFBC}") = "Unity.Services.Core.Device", "Unity.Services.Core.Device.csproj", "{4E88FFAD-C145-9A9D-B5A6-42870F324E78}"
EndProject
Project("{FAE04EC0-301F-11D3-BF4B-00C04F79EFBC}") = "Unity.Services.Core.Threading", "Unity.Services.Core.Threading.csproj", "{366C2BB3-9573-219F-1B54-1DBBDCEB1FD7}"
EndProject
Project("{FAE04EC0-301F-11D3-BF4B-00C04F79EFBC}") = "Unity.Services.Core.Networking", "Unity.Services.Core.Networking.csproj", "{CEF436FB-38E1-784C-7CB3-AA63298667BC}"
EndProject
Project("{FAE04EC0-301F-11D3-BF4B-00C04F79EFBC}") = "Unity.Services.Core", "Unity.Services.Core.csproj", "{2DB58FB1-74D8-8586-5C7E-FCC21B442368}"
EndProject
Project("{FAE04EC0-301F-11D3-BF4B-00C04F79EFBC}") = "Unity.Services.Core.Configuration", "Unity.Services.Core.Configuration.csproj", "{F7327CB9-F06C-FEA8-749D-3BE6E342FD97}"
EndProject
Project("{FAE04EC0-301F-11D3-BF4B-00C04F79EFBC}") = "Unity.PlasticSCM.Editor", "Unity.PlasticSCM.Editor.csproj", "{740EA794-E156-CE1B-2871-32A84E5900EE}"
EndProject
Project("{FAE04EC0-301F-11D3-BF4B-00C04F79EFBC}") = "Unity.VisualScripting.Core.Editor", "Unity.VisualScripting.Core.Editor.csproj", "{01E44697-6DB0-C3FD-3AAE-BFC0476A4A8F}"
EndProject
Project("{FAE04EC0-301F-11D3-BF4B-00C04F79EFBC}") = "Unity.VisualScripting.Flow.Editor", "Unity.VisualScripting.Flow.Editor.csproj", "{996CEE00-88BC-64F1-4BCD-DCAC05EAE394}"
EndProject
Project("{FAE04EC0-301F-11D3-BF4B-00C04F79EFBC}") = "Unity.VisualStudio.Editor", "Unity.VisualStudio.Editor.csproj", "{0E6518FA-7E2C-5F64-31FF-795C12511C33}"
EndProject
Project("{FAE04EC0-301F-11D3-BF4B-00C04F79EFBC}") = "Unity.Timeline.Editor", "Unity.Timeline.Editor.csproj", "{005E53C4-21AA-1A1D-E063-9BFF39AAAE1C}"
EndProject
Project("{FAE04EC0-301F-11D3-BF4B-00C04F79EFBC}") = "Unity.VisualScripting.State.Editor", "Unity.VisualScripting.State.Editor.csproj", "{0F7CA5DE-1B19-B882-578C-1442A3161A77}"
EndProject
Project("{FAE04EC0-301F-11D3-BF4B-00C04F79EFBC}") = "Unity.TextMeshPro.Editor", "Unity.TextMeshPro.Editor.csproj", "{455C680C-174F-1889-A0A4-BF6B73083EF7}"
EndProject
Project("{FAE04EC0-301F-11D3-BF4B-00C04F79EFBC}") = "Unity.VisualScripting.SettingsProvider.Editor", "Unity.VisualScripting.SettingsProvider.Editor.csproj", "{3892F320-0F42-2681-2B64-BEA9E0E4B589}"
EndProject
Project("{FAE04EC0-301F-11D3-BF4B-00C04F79EFBC}") = "Unity.CollabProxy.Editor", "Unity.CollabProxy.Editor.csproj", "{2ED4E322-663C-7ACB-3C37-1A5447E3DCE8}"
EndProject
Project("{FAE04EC0-301F-11D3-BF4B-00C04F79EFBC}") = "UnityEditor.TestRunner", "UnityEditor.TestRunner.csproj", "{52E95FED-EAC7-A38C-9B1D-804571137706}"
EndProject
Project("{FAE04EC0-301F-11D3-BF4B-00C04F79EFBC}") = "Unity.Services.Core.Editor", "Unity.Services.Core.Editor.csproj", "{5A158929-6EBB-2AB9-C808-B19D48C3E239}"
EndProject
Project("{FAE04EC0-301F-11D3-BF4B-00C04F79EFBC}") = "Unity.TestTools.CodeCoverage.Editor", "Unity.TestTools.CodeCoverage.Editor.csproj", "{14DE552D-575F-D97D-292A-3822BDD2C743}"
EndProject
Project("{FAE04EC0-301F-11D3-BF4B-00C04F79EFBC}") = "Unity.Rider.Editor", "Unity.Rider.Editor.csproj", "{4E293003-A938-F56E-C5FB-005A885C64C0}"
EndProject
Project("{FAE04EC0-301F-11D3-BF4B-00C04F79EFBC}") = "Unity.Performance.Profile-Analyzer.Editor", "Unity.Performance.Profile-Analyzer.Editor.csproj", "{0C13FA08-C371-0414-5870-04467F6414D6}"
EndProject
Project("{FAE04EC0-301F-11D3-BF4B-00C04F79EFBC}") = "Unity.VSCode.Editor", "Unity.VSCode.Editor.csproj", "{2FA7789B-BCB4-11A4-9962-46E04A62F1A0}"
EndProject
Project("{FAE04EC0-301F-11D3-BF4B-00C04F79EFBC}") = "UnityEditor.UI", "UnityEditor.UI.csproj", "{4598EF37-024E-698B-E8D7-8066C1E0653C}"
EndProject
Project("{FAE04EC0-301F-11D3-BF4B-00C04F79EFBC}") = "Unity.TestTools.CodeCoverage.Editor.OpenCover.Model", "Unity.TestTools.CodeCoverage.Editor.OpenCover.Model.csproj", "{43957DEF-271E-C938-6905-8FB9B3597FD8}"
EndProject
Project("{FAE04EC0-301F-11D3-BF4B-00C04F79EFBC}") = "Unity.EditorCoroutines.Editor", "Unity.EditorCoroutines.Editor.csproj", "{0A8BC9AD-44D6-3042-0F58-1F14B074894E}"
EndProject
Project("{FAE04EC0-301F-11D3-BF4B-00C04F79EFBC}") = "Unity.Settings.Editor", "Unity.Settings.Editor.csproj", "{80754AF4-FD7C-0222-4159-80A6707F36D7}"
EndProject
Project("{FAE04EC0-301F-11D3-BF4B-00C04F79EFBC}") = "Unity.Services.Core.Configuration.Editor", "Unity.Services.Core.Configuration.Editor.csproj", "{8054B8B4-AEFB-99FB-E05F-94A08B001A4F}"
EndProject
Project("{FAE04EC0-301F-11D3-BF4B-00C04F79EFBC}") = "Assembly-CSharp-Editor-firstpass", "Assembly-CSharp-Editor-firstpass.csproj", "{FD32A759-7465-C728-DE78-04BEDECB6F6A}"
EndProject
Project("{FAE04EC0-301F-11D3-BF4B-00C04F79EFBC}") = "Unity.TestTools.CodeCoverage.Editor.OpenCover.Mono.Reflection", "Unity.TestTools.CodeCoverage.Editor.OpenCover.Mono.Reflection.csproj", "{574E9910-6BC4-D784-BFFF-55E73E17A9A5}"
EndProject
Project("{FAE04EC0-301F-11D3-BF4B-00C04F79EFBC}") = "Unity.VisualScripting.Shared.Editor", "Unity.VisualScripting.Shared.Editor.csproj", "{5703BAD9-5E6D-962C-4611-11EE3AEDFC0F}"
EndProject
Project("{FAE04EC0-301F-11D3-BF4B-00C04F79EFBC}") = "UnityEngine.UI", "UnityEngine.UI.Player.csproj", "{5912BF2C-59B3-FE6A-ADC9-BC8F260C5550}"
EndProject
Project("{FAE04EC0-301F-11D3-BF4B-00C04F79EFBC}") = "UnityEngine.TestRunner", "UnityEngine.TestRunner.Player.csproj", "{09AE6F35-69D0-0F67-3769-E6D5813D8A2C}"
EndProject
Project("{FAE04EC0-301F-11D3-BF4B-00C04F79EFBC}") = "Unity.VisualScripting.Flow", "Unity.VisualScripting.Flow.Player.csproj", "{C9C52DF1-08EF-84EC-C5E2-0FB59A492A96}"
EndProject
Project("{FAE04EC0-301F-11D3-BF4B-00C04F79EFBC}") = "Unity.Services.Core.Telemetry", "Unity.Services.Core.Telemetry.Player.csproj", "{198121A9-C448-4599-CB6D-CA19FE922FDF}"
EndProject
Project("{FAE04EC0-301F-11D3-BF4B-00C04F79EFBC}") = "Unity.VisualScripting.State", "Unity.VisualScripting.State.Player.csproj", "{0517E8B3-2D31-8598-848A-30F1299E4526}"
EndProject
Project("{FAE04EC0-301F-11D3-BF4B-00C04F79EFBC}") = "Unity.VisualScripting.Core", "Unity.VisualScripting.Core.Player.csproj", "{64CF8E7A-A0DD-F63B-6DD4-3A5BD4856740}"
EndProject
Project("{FAE04EC0-301F-11D3-BF4B-00C04F79EFBC}") = "Unity.Services.Core.Environments.Internal", "Unity.Services.Core.Environments.Internal.Player.csproj", "{E3481D91-D416-C9BA-823C-E0FC6F369F4D}"
EndProject
Project("{FAE04EC0-301F-11D3-BF4B-00C04F79EFBC}") = "Unity.TextMeshPro", "Unity.TextMeshPro.Player.csproj", "{DEBCB6CE-889A-FE1F-A088-CE171AC3E901}"
EndProject
Project("{FAE04EC0-301F-11D3-BF4B-00C04F79EFBC}") = "Unity.Timeline", "Unity.Timeline.Player.csproj", "{98B064CB-EA06-43C9-414E-0C2E65F56A9E}"
EndProject
Project("{FAE04EC0-301F-11D3-BF4B-00C04F79EFBC}") = "Assembly-CSharp-firstpass", "Assembly-CSharp-firstpass.Player.csproj", "{AE927BF1-B008-3054-258D-6BB21CB8EDA1}"
EndProject
Project("{FAE04EC0-301F-11D3-BF4B-00C04F79EFBC}") = "Unity.Services.Core.Environments", "Unity.Services.Core.Environments.Player.csproj", "{48A4D6D9-6BDB-7932-25ED-1F37D0C05C92}"
EndProject
Project("{FAE04EC0-301F-11D3-BF4B-00C04F79EFBC}") = "Unity.Services.Core.Internal", "Unity.Services.Core.Internal.Player.csproj", "{D2B15BCF-5BA2-1ADD-7323-C6C45A1D5473}"
EndProject
Project("{FAE04EC0-301F-11D3-BF4B-00C04F79EFBC}") = "Unity.Services.Core.Analytics", "Unity.Services.Core.Analytics.Player.csproj", "{F2F7E5B3-8492-534E-6018-AF56A09067A2}"
EndProject
Project("{FAE04EC0-301F-11D3-BF4B-00C04F79EFBC}") = "Assembly-CSharp", "Assembly-CSharp.Player.csproj", "{1F5584FA-61C1-51EC-9A73-BC060841EC40}"
EndProject
Project("{FAE04EC0-301F-11D3-BF4B-00C04F79EFBC}") = "Unity.Services.Core.Scheduler", "Unity.Services.Core.Scheduler.Player.csproj", "{A2349B98-C870-B5A2-E4B2-5C3DC216DD7F}"
EndProject
Project("{FAE04EC0-301F-11D3-BF4B-00C04F79EFBC}") = "Unity.Services.Core.Registration", "Unity.Services.Core.Registration.Player.csproj", "{8A96396A-425A-81CB-6185-DE068531F253}"
EndProject
Project("{FAE04EC0-301F-11D3-BF4B-00C04F79EFBC}") = "Unity.Services.Core.Device", "Unity.Services.Core.Device.Player.csproj", "{1D0E2EB9-9FB8-D780-2E52-869511135D82}"
EndProject
Project("{FAE04EC0-301F-11D3-BF4B-00C04F79EFBC}") = "Unity.Services.Core.Threading", "Unity.Services.Core.Threading.Player.csproj", "{A212C183-9040-CEEB-1196-0E60130D6391}"
EndProject
Project("{FAE04EC0-301F-11D3-BF4B-00C04F79EFBC}") = "Unity.Services.Core.Networking", "Unity.Services.Core.Networking.Player.csproj", "{4D0118BE-D53B-7B85-9258-CBCB9C4F158F}"
EndProject
Project("{FAE04EC0-301F-11D3-BF4B-00C04F79EFBC}") = "Unity.Services.Core", "Unity.Services.Core.Player.csproj", "{3062CE91-EC1A-2AB0-42CC-03BD3243FFDC}"
EndProject
Project("{FAE04EC0-301F-11D3-BF4B-00C04F79EFBC}") = "Unity.Services.Core.Configuration", "Unity.Services.Core.Configuration.Player.csproj", "{8C5BC714-0E84-0787-DFA7-32B626E45FF0}"
EndProject
Global
	GlobalSection(SolutionConfigurationPlatforms) = preSolution
		Debug|Any CPU = Debug|Any CPU
		Release|Any CPU = Release|Any CPU
	EndGlobalSection
	GlobalSection(ProjectConfigurationPlatforms) = postSolution
		{C9DA4340-171B-D148-218E-2019DD8D7F2D}.Debug|Any CPU.ActiveCfg = Debug|Any CPU
		{C9DA4340-171B-D148-218E-2019DD8D7F2D}.Debug|Any CPU.Build.0 = Debug|Any CPU
		{C9DA4340-171B-D148-218E-2019DD8D7F2D}.Release|Any CPU.ActiveCfg = Release|Any CPU
		{C9DA4340-171B-D148-218E-2019DD8D7F2D}.Release|Any CPU.Build.0 = Release|Any CPU
		{F7A640E7-DD6A-0ACC-448F-5BAEA876FC7B}.Debug|Any CPU.ActiveCfg = Debug|Any CPU
		{F7A640E7-DD6A-0ACC-448F-5BAEA876FC7B}.Debug|Any CPU.Build.0 = Debug|Any CPU
		{F7A640E7-DD6A-0ACC-448F-5BAEA876FC7B}.Release|Any CPU.ActiveCfg = Release|Any CPU
		{F7A640E7-DD6A-0ACC-448F-5BAEA876FC7B}.Release|Any CPU.Build.0 = Release|Any CPU
		{4FFA4636-E3F7-DEB6-5D6A-3E89FBEECA74}.Debug|Any CPU.ActiveCfg = Debug|Any CPU
		{4FFA4636-E3F7-DEB6-5D6A-3E89FBEECA74}.Debug|Any CPU.Build.0 = Debug|Any CPU
		{4FFA4636-E3F7-DEB6-5D6A-3E89FBEECA74}.Release|Any CPU.ActiveCfg = Release|Any CPU
		{4FFA4636-E3F7-DEB6-5D6A-3E89FBEECA74}.Release|Any CPU.Build.0 = Release|Any CPU
		{C99F0389-0ACC-98A8-99A4-2DE35E055CED}.Debug|Any CPU.ActiveCfg = Debug|Any CPU
		{C99F0389-0ACC-98A8-99A4-2DE35E055CED}.Debug|Any CPU.Build.0 = Debug|Any CPU
		{C99F0389-0ACC-98A8-99A4-2DE35E055CED}.Release|Any CPU.ActiveCfg = Release|Any CPU
		{C99F0389-0ACC-98A8-99A4-2DE35E055CED}.Release|Any CPU.Build.0 = Release|Any CPU
		{FF365FD1-D7E1-FA98-0D82-C354090E1089}.Debug|Any CPU.ActiveCfg = Debug|Any CPU
		{FF365FD1-D7E1-FA98-0D82-C354090E1089}.Debug|Any CPU.Build.0 = Debug|Any CPU
		{FF365FD1-D7E1-FA98-0D82-C354090E1089}.Release|Any CPU.ActiveCfg = Release|Any CPU
		{FF365FD1-D7E1-FA98-0D82-C354090E1089}.Release|Any CPU.Build.0 = Release|Any CPU
		{EF3BCC0E-009D-BDE1-C50B-C0ED61E34C45}.Debug|Any CPU.ActiveCfg = Debug|Any CPU
		{EF3BCC0E-009D-BDE1-C50B-C0ED61E34C45}.Debug|Any CPU.Build.0 = Debug|Any CPU
		{EF3BCC0E-009D-BDE1-C50B-C0ED61E34C45}.Release|Any CPU.ActiveCfg = Release|Any CPU
		{EF3BCC0E-009D-BDE1-C50B-C0ED61E34C45}.Release|Any CPU.Build.0 = Release|Any CPU
		{4670ECBD-358C-F39F-A148-0F81A0DEE020}.Debug|Any CPU.ActiveCfg = Debug|Any CPU
		{4670ECBD-358C-F39F-A148-0F81A0DEE020}.Debug|Any CPU.Build.0 = Debug|Any CPU
		{4670ECBD-358C-F39F-A148-0F81A0DEE020}.Release|Any CPU.ActiveCfg = Release|Any CPU
		{4670ECBD-358C-F39F-A148-0F81A0DEE020}.Release|Any CPU.Build.0 = Release|Any CPU
		{9640C11F-516B-1DDD-80E5-CA025EACA45D}.Debug|Any CPU.ActiveCfg = Debug|Any CPU
		{9640C11F-516B-1DDD-80E5-CA025EACA45D}.Debug|Any CPU.Build.0 = Debug|Any CPU
		{9640C11F-516B-1DDD-80E5-CA025EACA45D}.Release|Any CPU.ActiveCfg = Release|Any CPU
		{9640C11F-516B-1DDD-80E5-CA025EACA45D}.Release|Any CPU.Build.0 = Release|Any CPU
		{0775C338-778C-8D85-1466-9F52896E5383}.Debug|Any CPU.ActiveCfg = Debug|Any CPU
		{0775C338-778C-8D85-1466-9F52896E5383}.Debug|Any CPU.Build.0 = Debug|Any CPU
		{0775C338-778C-8D85-1466-9F52896E5383}.Release|Any CPU.ActiveCfg = Release|Any CPU
		{0775C338-778C-8D85-1466-9F52896E5383}.Release|Any CPU.Build.0 = Release|Any CPU
		{8B4F311D-3CE2-CEFB-B9F4-F8C56A9DBFB9}.Debug|Any CPU.ActiveCfg = Debug|Any CPU
		{8B4F311D-3CE2-CEFB-B9F4-F8C56A9DBFB9}.Debug|Any CPU.Build.0 = Debug|Any CPU
		{8B4F311D-3CE2-CEFB-B9F4-F8C56A9DBFB9}.Release|Any CPU.ActiveCfg = Release|Any CPU
		{8B4F311D-3CE2-CEFB-B9F4-F8C56A9DBFB9}.Release|Any CPU.Build.0 = Release|Any CPU
		{C4AB2369-E94D-1B6C-84A1-25ADE9C9D2FD}.Debug|Any CPU.ActiveCfg = Debug|Any CPU
		{C4AB2369-E94D-1B6C-84A1-25ADE9C9D2FD}.Debug|Any CPU.Build.0 = Debug|Any CPU
		{C4AB2369-E94D-1B6C-84A1-25ADE9C9D2FD}.Release|Any CPU.ActiveCfg = Release|Any CPU
		{C4AB2369-E94D-1B6C-84A1-25ADE9C9D2FD}.Release|Any CPU.Build.0 = Release|Any CPU
		{F89CE5C5-B385-9EAB-D651-38FD6D0EBB6E}.Debug|Any CPU.ActiveCfg = Debug|Any CPU
		{F89CE5C5-B385-9EAB-D651-38FD6D0EBB6E}.Debug|Any CPU.Build.0 = Debug|Any CPU
		{F89CE5C5-B385-9EAB-D651-38FD6D0EBB6E}.Release|Any CPU.ActiveCfg = Release|Any CPU
		{F89CE5C5-B385-9EAB-D651-38FD6D0EBB6E}.Release|Any CPU.Build.0 = Release|Any CPU
		{5BEE8EFB-02FF-98DD-53D0-782E49364B46}.Debug|Any CPU.ActiveCfg = Debug|Any CPU
		{5BEE8EFB-02FF-98DD-53D0-782E49364B46}.Debug|Any CPU.Build.0 = Debug|Any CPU
		{5BEE8EFB-02FF-98DD-53D0-782E49364B46}.Release|Any CPU.ActiveCfg = Release|Any CPU
		{5BEE8EFB-02FF-98DD-53D0-782E49364B46}.Release|Any CPU.Build.0 = Release|Any CPU
		{E1456745-ED92-4EB6-8905-E64DC1E47277}.Debug|Any CPU.ActiveCfg = Debug|Any CPU
		{E1456745-ED92-4EB6-8905-E64DC1E47277}.Debug|Any CPU.Build.0 = Debug|Any CPU
		{E1456745-ED92-4EB6-8905-E64DC1E47277}.Release|Any CPU.ActiveCfg = Release|Any CPU
		{E1456745-ED92-4EB6-8905-E64DC1E47277}.Release|Any CPU.Build.0 = Release|Any CPU
		{662500A1-C6C7-8172-AAC8-6FA7224B6610}.Debug|Any CPU.ActiveCfg = Debug|Any CPU
		{662500A1-C6C7-8172-AAC8-6FA7224B6610}.Debug|Any CPU.Build.0 = Debug|Any CPU
		{662500A1-C6C7-8172-AAC8-6FA7224B6610}.Release|Any CPU.ActiveCfg = Release|Any CPU
		{662500A1-C6C7-8172-AAC8-6FA7224B6610}.Release|Any CPU.Build.0 = Release|Any CPU
		{6CC19622-231A-D70B-1AE7-CA76DD023B8B}.Debug|Any CPU.ActiveCfg = Debug|Any CPU
		{6CC19622-231A-D70B-1AE7-CA76DD023B8B}.Debug|Any CPU.Build.0 = Debug|Any CPU
		{6CC19622-231A-D70B-1AE7-CA76DD023B8B}.Release|Any CPU.ActiveCfg = Release|Any CPU
		{6CC19622-231A-D70B-1AE7-CA76DD023B8B}.Release|Any CPU.Build.0 = Release|Any CPU
		{4E88FFAD-C145-9A9D-B5A6-42870F324E78}.Debug|Any CPU.ActiveCfg = Debug|Any CPU
		{4E88FFAD-C145-9A9D-B5A6-42870F324E78}.Debug|Any CPU.Build.0 = Debug|Any CPU
		{4E88FFAD-C145-9A9D-B5A6-42870F324E78}.Release|Any CPU.ActiveCfg = Release|Any CPU
		{4E88FFAD-C145-9A9D-B5A6-42870F324E78}.Release|Any CPU.Build.0 = Release|Any CPU
		{366C2BB3-9573-219F-1B54-1DBBDCEB1FD7}.Debug|Any CPU.ActiveCfg = Debug|Any CPU
		{366C2BB3-9573-219F-1B54-1DBBDCEB1FD7}.Debug|Any CPU.Build.0 = Debug|Any CPU
		{366C2BB3-9573-219F-1B54-1DBBDCEB1FD7}.Release|Any CPU.ActiveCfg = Release|Any CPU
		{366C2BB3-9573-219F-1B54-1DBBDCEB1FD7}.Release|Any CPU.Build.0 = Release|Any CPU
		{CEF436FB-38E1-784C-7CB3-AA63298667BC}.Debug|Any CPU.ActiveCfg = Debug|Any CPU
		{CEF436FB-38E1-784C-7CB3-AA63298667BC}.Debug|Any CPU.Build.0 = Debug|Any CPU
		{CEF436FB-38E1-784C-7CB3-AA63298667BC}.Release|Any CPU.ActiveCfg = Release|Any CPU
		{CEF436FB-38E1-784C-7CB3-AA63298667BC}.Release|Any CPU.Build.0 = Release|Any CPU
		{2DB58FB1-74D8-8586-5C7E-FCC21B442368}.Debug|Any CPU.ActiveCfg = Debug|Any CPU
		{2DB58FB1-74D8-8586-5C7E-FCC21B442368}.Debug|Any CPU.Build.0 = Debug|Any CPU
		{2DB58FB1-74D8-8586-5C7E-FCC21B442368}.Release|Any CPU.ActiveCfg = Release|Any CPU
		{2DB58FB1-74D8-8586-5C7E-FCC21B442368}.Release|Any CPU.Build.0 = Release|Any CPU
		{F7327CB9-F06C-FEA8-749D-3BE6E342FD97}.Debug|Any CPU.ActiveCfg = Debug|Any CPU
		{F7327CB9-F06C-FEA8-749D-3BE6E342FD97}.Debug|Any CPU.Build.0 = Debug|Any CPU
		{F7327CB9-F06C-FEA8-749D-3BE6E342FD97}.Release|Any CPU.ActiveCfg = Release|Any CPU
		{F7327CB9-F06C-FEA8-749D-3BE6E342FD97}.Release|Any CPU.Build.0 = Release|Any CPU
		{740EA794-E156-CE1B-2871-32A84E5900EE}.Debug|Any CPU.ActiveCfg = Debug|Any CPU
		{740EA794-E156-CE1B-2871-32A84E5900EE}.Debug|Any CPU.Build.0 = Debug|Any CPU
		{740EA794-E156-CE1B-2871-32A84E5900EE}.Release|Any CPU.ActiveCfg = Release|Any CPU
		{740EA794-E156-CE1B-2871-32A84E5900EE}.Release|Any CPU.Build.0 = Release|Any CPU
		{01E44697-6DB0-C3FD-3AAE-BFC0476A4A8F}.Debug|Any CPU.ActiveCfg = Debug|Any CPU
		{01E44697-6DB0-C3FD-3AAE-BFC0476A4A8F}.Debug|Any CPU.Build.0 = Debug|Any CPU
		{01E44697-6DB0-C3FD-3AAE-BFC0476A4A8F}.Release|Any CPU.ActiveCfg = Release|Any CPU
		{01E44697-6DB0-C3FD-3AAE-BFC0476A4A8F}.Release|Any CPU.Build.0 = Release|Any CPU
		{996CEE00-88BC-64F1-4BCD-DCAC05EAE394}.Debug|Any CPU.ActiveCfg = Debug|Any CPU
		{996CEE00-88BC-64F1-4BCD-DCAC05EAE394}.Debug|Any CPU.Build.0 = Debug|Any CPU
		{996CEE00-88BC-64F1-4BCD-DCAC05EAE394}.Release|Any CPU.ActiveCfg = Release|Any CPU
		{996CEE00-88BC-64F1-4BCD-DCAC05EAE394}.Release|Any CPU.Build.0 = Release|Any CPU
		{0E6518FA-7E2C-5F64-31FF-795C12511C33}.Debug|Any CPU.ActiveCfg = Debug|Any CPU
		{0E6518FA-7E2C-5F64-31FF-795C12511C33}.Debug|Any CPU.Build.0 = Debug|Any CPU
		{0E6518FA-7E2C-5F64-31FF-795C12511C33}.Release|Any CPU.ActiveCfg = Release|Any CPU
		{0E6518FA-7E2C-5F64-31FF-795C12511C33}.Release|Any CPU.Build.0 = Release|Any CPU
		{005E53C4-21AA-1A1D-E063-9BFF39AAAE1C}.Debug|Any CPU.ActiveCfg = Debug|Any CPU
		{005E53C4-21AA-1A1D-E063-9BFF39AAAE1C}.Debug|Any CPU.Build.0 = Debug|Any CPU
		{005E53C4-21AA-1A1D-E063-9BFF39AAAE1C}.Release|Any CPU.ActiveCfg = Release|Any CPU
		{005E53C4-21AA-1A1D-E063-9BFF39AAAE1C}.Release|Any CPU.Build.0 = Release|Any CPU
		{0F7CA5DE-1B19-B882-578C-1442A3161A77}.Debug|Any CPU.ActiveCfg = Debug|Any CPU
		{0F7CA5DE-1B19-B882-578C-1442A3161A77}.Debug|Any CPU.Build.0 = Debug|Any CPU
		{0F7CA5DE-1B19-B882-578C-1442A3161A77}.Release|Any CPU.ActiveCfg = Release|Any CPU
		{0F7CA5DE-1B19-B882-578C-1442A3161A77}.Release|Any CPU.Build.0 = Release|Any CPU
		{455C680C-174F-1889-A0A4-BF6B73083EF7}.Debug|Any CPU.ActiveCfg = Debug|Any CPU
		{455C680C-174F-1889-A0A4-BF6B73083EF7}.Debug|Any CPU.Build.0 = Debug|Any CPU
		{455C680C-174F-1889-A0A4-BF6B73083EF7}.Release|Any CPU.ActiveCfg = Release|Any CPU
		{455C680C-174F-1889-A0A4-BF6B73083EF7}.Release|Any CPU.Build.0 = Release|Any CPU
		{3892F320-0F42-2681-2B64-BEA9E0E4B589}.Debug|Any CPU.ActiveCfg = Debug|Any CPU
		{3892F320-0F42-2681-2B64-BEA9E0E4B589}.Debug|Any CPU.Build.0 = Debug|Any CPU
		{3892F320-0F42-2681-2B64-BEA9E0E4B589}.Release|Any CPU.ActiveCfg = Release|Any CPU
		{3892F320-0F42-2681-2B64-BEA9E0E4B589}.Release|Any CPU.Build.0 = Release|Any CPU
		{2ED4E322-663C-7ACB-3C37-1A5447E3DCE8}.Debug|Any CPU.ActiveCfg = Debug|Any CPU
		{2ED4E322-663C-7ACB-3C37-1A5447E3DCE8}.Debug|Any CPU.Build.0 = Debug|Any CPU
		{2ED4E322-663C-7ACB-3C37-1A5447E3DCE8}.Release|Any CPU.ActiveCfg = Release|Any CPU
		{2ED4E322-663C-7ACB-3C37-1A5447E3DCE8}.Release|Any CPU.Build.0 = Release|Any CPU
		{52E95FED-EAC7-A38C-9B1D-804571137706}.Debug|Any CPU.ActiveCfg = Debug|Any CPU
		{52E95FED-EAC7-A38C-9B1D-804571137706}.Debug|Any CPU.Build.0 = Debug|Any CPU
		{52E95FED-EAC7-A38C-9B1D-804571137706}.Release|Any CPU.ActiveCfg = Release|Any CPU
		{52E95FED-EAC7-A38C-9B1D-804571137706}.Release|Any CPU.Build.0 = Release|Any CPU
		{5A158929-6EBB-2AB9-C808-B19D48C3E239}.Debug|Any CPU.ActiveCfg = Debug|Any CPU
		{5A158929-6EBB-2AB9-C808-B19D48C3E239}.Debug|Any CPU.Build.0 = Debug|Any CPU
		{5A158929-6EBB-2AB9-C808-B19D48C3E239}.Release|Any CPU.ActiveCfg = Release|Any CPU
		{5A158929-6EBB-2AB9-C808-B19D48C3E239}.Release|Any CPU.Build.0 = Release|Any CPU
		{14DE552D-575F-D97D-292A-3822BDD2C743}.Debug|Any CPU.ActiveCfg = Debug|Any CPU
		{14DE552D-575F-D97D-292A-3822BDD2C743}.Debug|Any CPU.Build.0 = Debug|Any CPU
		{14DE552D-575F-D97D-292A-3822BDD2C743}.Release|Any CPU.ActiveCfg = Release|Any CPU
		{14DE552D-575F-D97D-292A-3822BDD2C743}.Release|Any CPU.Build.0 = Release|Any CPU
		{4E293003-A938-F56E-C5FB-005A885C64C0}.Debug|Any CPU.ActiveCfg = Debug|Any CPU
		{4E293003-A938-F56E-C5FB-005A885C64C0}.Debug|Any CPU.Build.0 = Debug|Any CPU
		{4E293003-A938-F56E-C5FB-005A885C64C0}.Release|Any CPU.ActiveCfg = Release|Any CPU
		{4E293003-A938-F56E-C5FB-005A885C64C0}.Release|Any CPU.Build.0 = Release|Any CPU
		{0C13FA08-C371-0414-5870-04467F6414D6}.Debug|Any CPU.ActiveCfg = Debug|Any CPU
		{0C13FA08-C371-0414-5870-04467F6414D6}.Debug|Any CPU.Build.0 = Debug|Any CPU
		{0C13FA08-C371-0414-5870-04467F6414D6}.Release|Any CPU.ActiveCfg = Release|Any CPU
		{0C13FA08-C371-0414-5870-04467F6414D6}.Release|Any CPU.Build.0 = Release|Any CPU
		{2FA7789B-BCB4-11A4-9962-46E04A62F1A0}.Debug|Any CPU.ActiveCfg = Debug|Any CPU
		{2FA7789B-BCB4-11A4-9962-46E04A62F1A0}.Debug|Any CPU.Build.0 = Debug|Any CPU
		{2FA7789B-BCB4-11A4-9962-46E04A62F1A0}.Release|Any CPU.ActiveCfg = Release|Any CPU
		{2FA7789B-BCB4-11A4-9962-46E04A62F1A0}.Release|Any CPU.Build.0 = Release|Any CPU
		{4598EF37-024E-698B-E8D7-8066C1E0653C}.Debug|Any CPU.ActiveCfg = Debug|Any CPU
		{4598EF37-024E-698B-E8D7-8066C1E0653C}.Debug|Any CPU.Build.0 = Debug|Any CPU
		{4598EF37-024E-698B-E8D7-8066C1E0653C}.Release|Any CPU.ActiveCfg = Release|Any CPU
		{4598EF37-024E-698B-E8D7-8066C1E0653C}.Release|Any CPU.Build.0 = Release|Any CPU
		{43957DEF-271E-C938-6905-8FB9B3597FD8}.Debug|Any CPU.ActiveCfg = Debug|Any CPU
		{43957DEF-271E-C938-6905-8FB9B3597FD8}.Debug|Any CPU.Build.0 = Debug|Any CPU
		{43957DEF-271E-C938-6905-8FB9B3597FD8}.Release|Any CPU.ActiveCfg = Release|Any CPU
		{43957DEF-271E-C938-6905-8FB9B3597FD8}.Release|Any CPU.Build.0 = Release|Any CPU
		{0A8BC9AD-44D6-3042-0F58-1F14B074894E}.Debug|Any CPU.ActiveCfg = Debug|Any CPU
		{0A8BC9AD-44D6-3042-0F58-1F14B074894E}.Debug|Any CPU.Build.0 = Debug|Any CPU
		{0A8BC9AD-44D6-3042-0F58-1F14B074894E}.Release|Any CPU.ActiveCfg = Release|Any CPU
		{0A8BC9AD-44D6-3042-0F58-1F14B074894E}.Release|Any CPU.Build.0 = Release|Any CPU
		{80754AF4-FD7C-0222-4159-80A6707F36D7}.Debug|Any CPU.ActiveCfg = Debug|Any CPU
		{80754AF4-FD7C-0222-4159-80A6707F36D7}.Debug|Any CPU.Build.0 = Debug|Any CPU
		{80754AF4-FD7C-0222-4159-80A6707F36D7}.Release|Any CPU.ActiveCfg = Release|Any CPU
		{80754AF4-FD7C-0222-4159-80A6707F36D7}.Release|Any CPU.Build.0 = Release|Any CPU
		{8054B8B4-AEFB-99FB-E05F-94A08B001A4F}.Debug|Any CPU.ActiveCfg = Debug|Any CPU
		{8054B8B4-AEFB-99FB-E05F-94A08B001A4F}.Debug|Any CPU.Build.0 = Debug|Any CPU
		{8054B8B4-AEFB-99FB-E05F-94A08B001A4F}.Release|Any CPU.ActiveCfg = Release|Any CPU
		{8054B8B4-AEFB-99FB-E05F-94A08B001A4F}.Release|Any CPU.Build.0 = Release|Any CPU
		{FD32A759-7465-C728-DE78-04BEDECB6F6A}.Debug|Any CPU.ActiveCfg = Debug|Any CPU
		{FD32A759-7465-C728-DE78-04BEDECB6F6A}.Debug|Any CPU.Build.0 = Debug|Any CPU
		{FD32A759-7465-C728-DE78-04BEDECB6F6A}.Release|Any CPU.ActiveCfg = Release|Any CPU
		{FD32A759-7465-C728-DE78-04BEDECB6F6A}.Release|Any CPU.Build.0 = Release|Any CPU
		{574E9910-6BC4-D784-BFFF-55E73E17A9A5}.Debug|Any CPU.ActiveCfg = Debug|Any CPU
		{574E9910-6BC4-D784-BFFF-55E73E17A9A5}.Debug|Any CPU.Build.0 = Debug|Any CPU
		{574E9910-6BC4-D784-BFFF-55E73E17A9A5}.Release|Any CPU.ActiveCfg = Release|Any CPU
		{574E9910-6BC4-D784-BFFF-55E73E17A9A5}.Release|Any CPU.Build.0 = Release|Any CPU
		{5703BAD9-5E6D-962C-4611-11EE3AEDFC0F}.Debug|Any CPU.ActiveCfg = Debug|Any CPU
		{5703BAD9-5E6D-962C-4611-11EE3AEDFC0F}.Debug|Any CPU.Build.0 = Debug|Any CPU
		{5703BAD9-5E6D-962C-4611-11EE3AEDFC0F}.Release|Any CPU.ActiveCfg = Release|Any CPU
		{5703BAD9-5E6D-962C-4611-11EE3AEDFC0F}.Release|Any CPU.Build.0 = Release|Any CPU
		{5912BF2C-59B3-FE6A-ADC9-BC8F260C5550}.Debug|Any CPU.ActiveCfg = Debug|Any CPU
		{5912BF2C-59B3-FE6A-ADC9-BC8F260C5550}.Debug|Any CPU.Build.0 = Debug|Any CPU
		{5912BF2C-59B3-FE6A-ADC9-BC8F260C5550}.Release|Any CPU.ActiveCfg = Release|Any CPU
		{5912BF2C-59B3-FE6A-ADC9-BC8F260C5550}.Release|Any CPU.Build.0 = Release|Any CPU
		{09AE6F35-69D0-0F67-3769-E6D5813D8A2C}.Debug|Any CPU.ActiveCfg = Debug|Any CPU
		{09AE6F35-69D0-0F67-3769-E6D5813D8A2C}.Debug|Any CPU.Build.0 = Debug|Any CPU
		{09AE6F35-69D0-0F67-3769-E6D5813D8A2C}.Release|Any CPU.ActiveCfg = Release|Any CPU
		{09AE6F35-69D0-0F67-3769-E6D5813D8A2C}.Release|Any CPU.Build.0 = Release|Any CPU
		{C9C52DF1-08EF-84EC-C5E2-0FB59A492A96}.Debug|Any CPU.ActiveCfg = Debug|Any CPU
		{C9C52DF1-08EF-84EC-C5E2-0FB59A492A96}.Debug|Any CPU.Build.0 = Debug|Any CPU
		{C9C52DF1-08EF-84EC-C5E2-0FB59A492A96}.Release|Any CPU.ActiveCfg = Release|Any CPU
		{C9C52DF1-08EF-84EC-C5E2-0FB59A492A96}.Release|Any CPU.Build.0 = Release|Any CPU
		{198121A9-C448-4599-CB6D-CA19FE922FDF}.Debug|Any CPU.ActiveCfg = Debug|Any CPU
		{198121A9-C448-4599-CB6D-CA19FE922FDF}.Debug|Any CPU.Build.0 = Debug|Any CPU
		{198121A9-C448-4599-CB6D-CA19FE922FDF}.Release|Any CPU.ActiveCfg = Release|Any CPU
		{198121A9-C448-4599-CB6D-CA19FE922FDF}.Release|Any CPU.Build.0 = Release|Any CPU
		{0517E8B3-2D31-8598-848A-30F1299E4526}.Debug|Any CPU.ActiveCfg = Debug|Any CPU
		{0517E8B3-2D31-8598-848A-30F1299E4526}.Debug|Any CPU.Build.0 = Debug|Any CPU
		{0517E8B3-2D31-8598-848A-30F1299E4526}.Release|Any CPU.ActiveCfg = Release|Any CPU
		{0517E8B3-2D31-8598-848A-30F1299E4526}.Release|Any CPU.Build.0 = Release|Any CPU
		{64CF8E7A-A0DD-F63B-6DD4-3A5BD4856740}.Debug|Any CPU.ActiveCfg = Debug|Any CPU
		{64CF8E7A-A0DD-F63B-6DD4-3A5BD4856740}.Debug|Any CPU.Build.0 = Debug|Any CPU
		{64CF8E7A-A0DD-F63B-6DD4-3A5BD4856740}.Release|Any CPU.ActiveCfg = Release|Any CPU
		{64CF8E7A-A0DD-F63B-6DD4-3A5BD4856740}.Release|Any CPU.Build.0 = Release|Any CPU
		{E3481D91-D416-C9BA-823C-E0FC6F369F4D}.Debug|Any CPU.ActiveCfg = Debug|Any CPU
		{E3481D91-D416-C9BA-823C-E0FC6F369F4D}.Debug|Any CPU.Build.0 = Debug|Any CPU
		{E3481D91-D416-C9BA-823C-E0FC6F369F4D}.Release|Any CPU.ActiveCfg = Release|Any CPU
		{E3481D91-D416-C9BA-823C-E0FC6F369F4D}.Release|Any CPU.Build.0 = Release|Any CPU
		{DEBCB6CE-889A-FE1F-A088-CE171AC3E901}.Debug|Any CPU.ActiveCfg = Debug|Any CPU
		{DEBCB6CE-889A-FE1F-A088-CE171AC3E901}.Debug|Any CPU.Build.0 = Debug|Any CPU
		{DEBCB6CE-889A-FE1F-A088-CE171AC3E901}.Release|Any CPU.ActiveCfg = Release|Any CPU
		{DEBCB6CE-889A-FE1F-A088-CE171AC3E901}.Release|Any CPU.Build.0 = Release|Any CPU
		{98B064CB-EA06-43C9-414E-0C2E65F56A9E}.Debug|Any CPU.ActiveCfg = Debug|Any CPU
		{98B064CB-EA06-43C9-414E-0C2E65F56A9E}.Debug|Any CPU.Build.0 = Debug|Any CPU
		{98B064CB-EA06-43C9-414E-0C2E65F56A9E}.Release|Any CPU.ActiveCfg = Release|Any CPU
		{98B064CB-EA06-43C9-414E-0C2E65F56A9E}.Release|Any CPU.Build.0 = Release|Any CPU
		{AE927BF1-B008-3054-258D-6BB21CB8EDA1}.Debug|Any CPU.ActiveCfg = Debug|Any CPU
		{AE927BF1-B008-3054-258D-6BB21CB8EDA1}.Debug|Any CPU.Build.0 = Debug|Any CPU
		{AE927BF1-B008-3054-258D-6BB21CB8EDA1}.Release|Any CPU.ActiveCfg = Release|Any CPU
		{AE927BF1-B008-3054-258D-6BB21CB8EDA1}.Release|Any CPU.Build.0 = Release|Any CPU
		{48A4D6D9-6BDB-7932-25ED-1F37D0C05C92}.Debug|Any CPU.ActiveCfg = Debug|Any CPU
		{48A4D6D9-6BDB-7932-25ED-1F37D0C05C92}.Debug|Any CPU.Build.0 = Debug|Any CPU
		{48A4D6D9-6BDB-7932-25ED-1F37D0C05C92}.Release|Any CPU.ActiveCfg = Release|Any CPU
		{48A4D6D9-6BDB-7932-25ED-1F37D0C05C92}.Release|Any CPU.Build.0 = Release|Any CPU
		{D2B15BCF-5BA2-1ADD-7323-C6C45A1D5473}.Debug|Any CPU.ActiveCfg = Debug|Any CPU
		{D2B15BCF-5BA2-1ADD-7323-C6C45A1D5473}.Debug|Any CPU.Build.0 = Debug|Any CPU
		{D2B15BCF-5BA2-1ADD-7323-C6C45A1D5473}.Release|Any CPU.ActiveCfg = Release|Any CPU
		{D2B15BCF-5BA2-1ADD-7323-C6C45A1D5473}.Release|Any CPU.Build.0 = Release|Any CPU
		{F2F7E5B3-8492-534E-6018-AF56A09067A2}.Debug|Any CPU.ActiveCfg = Debug|Any CPU
		{F2F7E5B3-8492-534E-6018-AF56A09067A2}.Debug|Any CPU.Build.0 = Debug|Any CPU
		{F2F7E5B3-8492-534E-6018-AF56A09067A2}.Release|Any CPU.ActiveCfg = Release|Any CPU
		{F2F7E5B3-8492-534E-6018-AF56A09067A2}.Release|Any CPU.Build.0 = Release|Any CPU
		{1F5584FA-61C1-51EC-9A73-BC060841EC40}.Debug|Any CPU.ActiveCfg = Debug|Any CPU
		{1F5584FA-61C1-51EC-9A73-BC060841EC40}.Debug|Any CPU.Build.0 = Debug|Any CPU
		{1F5584FA-61C1-51EC-9A73-BC060841EC40}.Release|Any CPU.ActiveCfg = Release|Any CPU
		{1F5584FA-61C1-51EC-9A73-BC060841EC40}.Release|Any CPU.Build.0 = Release|Any CPU
		{A2349B98-C870-B5A2-E4B2-5C3DC216DD7F}.Debug|Any CPU.ActiveCfg = Debug|Any CPU
		{A2349B98-C870-B5A2-E4B2-5C3DC216DD7F}.Debug|Any CPU.Build.0 = Debug|Any CPU
		{A2349B98-C870-B5A2-E4B2-5C3DC216DD7F}.Release|Any CPU.ActiveCfg = Release|Any CPU
		{A2349B98-C870-B5A2-E4B2-5C3DC216DD7F}.Release|Any CPU.Build.0 = Release|Any CPU
		{8A96396A-425A-81CB-6185-DE068531F253}.Debug|Any CPU.ActiveCfg = Debug|Any CPU
		{8A96396A-425A-81CB-6185-DE068531F253}.Debug|Any CPU.Build.0 = Debug|Any CPU
		{8A96396A-425A-81CB-6185-DE068531F253}.Release|Any CPU.ActiveCfg = Release|Any CPU
		{8A96396A-425A-81CB-6185-DE068531F253}.Release|Any CPU.Build.0 = Release|Any CPU
		{1D0E2EB9-9FB8-D780-2E52-869511135D82}.Debug|Any CPU.ActiveCfg = Debug|Any CPU
		{1D0E2EB9-9FB8-D780-2E52-869511135D82}.Debug|Any CPU.Build.0 = Debug|Any CPU
		{1D0E2EB9-9FB8-D780-2E52-869511135D82}.Release|Any CPU.ActiveCfg = Release|Any CPU
		{1D0E2EB9-9FB8-D780-2E52-869511135D82}.Release|Any CPU.Build.0 = Release|Any CPU
		{A212C183-9040-CEEB-1196-0E60130D6391}.Debug|Any CPU.ActiveCfg = Debug|Any CPU
		{A212C183-9040-CEEB-1196-0E60130D6391}.Debug|Any CPU.Build.0 = Debug|Any CPU
		{A212C183-9040-CEEB-1196-0E60130D6391}.Release|Any CPU.ActiveCfg = Release|Any CPU
		{A212C183-9040-CEEB-1196-0E60130D6391}.Release|Any CPU.Build.0 = Release|Any CPU
		{4D0118BE-D53B-7B85-9258-CBCB9C4F158F}.Debug|Any CPU.ActiveCfg = Debug|Any CPU
		{4D0118BE-D53B-7B85-9258-CBCB9C4F158F}.Debug|Any CPU.Build.0 = Debug|Any CPU
		{4D0118BE-D53B-7B85-9258-CBCB9C4F158F}.Release|Any CPU.ActiveCfg = Release|Any CPU
		{4D0118BE-D53B-7B85-9258-CBCB9C4F158F}.Release|Any CPU.Build.0 = Release|Any CPU
		{3062CE91-EC1A-2AB0-42CC-03BD3243FFDC}.Debug|Any CPU.ActiveCfg = Debug|Any CPU
		{3062CE91-EC1A-2AB0-42CC-03BD3243FFDC}.Debug|Any CPU.Build.0 = Debug|Any CPU
		{3062CE91-EC1A-2AB0-42CC-03BD3243FFDC}.Release|Any CPU.ActiveCfg = Release|Any CPU
		{3062CE91-EC1A-2AB0-42CC-03BD3243FFDC}.Release|Any CPU.Build.0 = Release|Any CPU
		{8C5BC714-0E84-0787-DFA7-32B626E45FF0}.Debug|Any CPU.ActiveCfg = Debug|Any CPU
		{8C5BC714-0E84-0787-DFA7-32B626E45FF0}.Debug|Any CPU.Build.0 = Debug|Any CPU
		{8C5BC714-0E84-0787-DFA7-32B626E45FF0}.Release|Any CPU.ActiveCfg = Release|Any CPU
		{8C5BC714-0E84-0787-DFA7-32B626E45FF0}.Release|Any CPU.Build.0 = Release|Any CPU
	EndGlobalSection
	GlobalSection(SolutionProperties) = preSolution
		HideSolutionNode = FALSE
	EndGlobalSection
EndGlobal
